<?xml version="1.0" encoding="utf-8"?>
<Project ToolsVersion="4.0" xmlns="http://schemas.microsoft.com/developer/msbuild/2003">
  <ItemGroup>
    <CudaCompile Include="main.cu" />
    <CudaCompile Include="Kernel.cu" />
    <CudaCompile Include="lib\hash\sha3_ver3.cuh" />
  </ItemGroup>
  <ItemGroup>
    <ClInclude Include="Kernel.cuh" />
    <ClInclude Include="lib\secp256k1\secp256k1.cuh" />
    <ClInclude Include="lib\secp256k1\secp256k1_common.cuh" />
    <ClInclude Include="lib\secp256k1\secp256k1_field.cuh" />
    <ClInclude Include="lib\secp256k1\secp256k1_group.cuh" />
    <ClInclude Include="lib\secp256k1\secp256k1_prec.cuh" />
    <ClInclude Include="lib\secp256k1\secp256k1_prec4.cuh" />
    <ClInclude Include="lib\secp256k1\secp256k1_scalar.cuh" />
    <ClInclude Include="lib\hash\ripemd160.h" />
    <ClInclude Include="lib\hash\sha256.h" />
    <ClInclude Include="lib\base58.h" />
    <ClInclude Include="lib\hash\GPUHash.cuh" />
    <ClInclude Include="lib\secp256k1\secp256k1_prec8.cuh" />
    <ClInclude Include="lib\secp256k1\secp256k1_batch_impl.cuh" />
    <ClInclude Include="lib\secp256k1\secp256k1_prec_custom.cuh" />
    <ClInclude Include="lib\V\VBase58.h" />
    <ClInclude Include="lib\Int.h" />
    <ClInclude Include="lib\IntGroup.h" />
    <ClInclude Include="lib\Point.h" />
    <ClInclude Include="lib\SECP256k1.h" />
    <ClInclude Include="lib\util.h" />
    <ClInclude Include="lib\secp256k1\secp256k1_precomp_big_custom.cuh" />
    <ClInclude Include="lib\secp256k1\secp256k1_field64.cuh" />
    <ClInclude Include="lib\secp256k1\secp256k1_scalar64.cuh" />
    <ClInclude Include="lib\CudaHashLookup.h" />
    <ClInclude Include="lib\Bech32.h" />
    <ClInclude Include="lib\hash\sha3.cuh" />
    <ClInclude Include="lib\secp256k1\secp256k1_modinv32.cuh" />
  </ItemGroup>
  <ItemGroup>
    <ClCompile Include="lib\hash\ripemd160.cpp" />
    <ClCompile Include="lib\hash\ripemd160_sse.cpp" />
    <ClCompile Include="lib\hash\sha256.cpp" />
    <ClCompile Include="lib\hash\sha256_sse.cpp" />
    <ClCompile Include="lib\base58.c" />
    <ClCompile Include="lib\V\VBase58.cpp" />
    <ClCompile Include="lib\Int.cpp" />
    <ClCompile Include="lib\IntGroup.cpp" />
    <ClCompile Include="lib\IntMod.cpp" />
    <ClCompile Include="lib\Point.cpp" />
    <ClCompile Include="lib\SECP256K1.cpp" />
    <ClCompile Include="lib\util.cpp" />
    <ClCompile Include="lib\Bech32.cpp" />
  </ItemGroup>
</Project>